
Microsoft Visual Studio Solution File, Format Version 12.00
Project("{FAE04EC0-301F-11D3-BF4B-00C04F79EFBC}") = "FlySwattr.NATS.Abstractions", "FlySwattr.NATS.Abstractions\FlySwattr.NATS.Abstractions.csproj", "{C0791624-39D1-4DCE-9E8A-55EFC4802670}"
EndProject
Project("{FAE04EC0-301F-11D3-BF4B-00C04F79EFBC}") = "FlySwattr.NATS.Core", "FlySwattr.NATS.Core\FlySwattr.NATS.Core.csproj", "{293A72CF-5B5D-4D90-AF75-3B93F5299D34}"
EndProject
Project("{FAE04EC0-301F-11D3-BF4B-00C04F79EFBC}") = "FlySwattr.NATS.Caching", "FlySwattr.NATS.Caching\FlySwattr.NATS.Caching.csproj", "{E96906EF-E376-47D7-B7A4-75F8F1B3E7BB}"
EndProject
Project("{FAE04EC0-301F-11D3-BF4B-00C04F79EFBC}") = "FlySwattr.NATS.DistributedLock", "FlySwattr.NATS.DistributedLock\FlySwattr.NATS.DistributedLock.csproj", "{EB6D0586-9712-4B30-97E3-D8D003465371}"
EndProject
Project("{FAE04EC0-301F-11D3-BF4B-00C04F79EFBC}") = "FlySwattr.NATS.Hosting", "FlySwattr.NATS.Hosting\FlySwattr.NATS.Hosting.csproj", "{82FE9636-9004-4318-92C2-A85813194A40}"
EndProject
Project("{FAE04EC0-301F-11D3-BF4B-00C04F79EFBC}") = "FlySwattr.NATS.Resilience", "FlySwattr.NATS.Resilience\FlySwattr.NATS.Resilience.csproj", "{67A6743D-981E-495D-8941-A18DCC5BED50}"
EndProject
Project("{FAE04EC0-301F-11D3-BF4B-00C04F79EFBC}") = "FlySwattr.NATS.Topology", "FlySwattr.NATS.Topology\FlySwattr.NATS.Topology.csproj", "{3E94518C-8E12-452A-8300-4DD140EA9C2E}"
EndProject
Project("{FAE04EC0-301F-11D3-BF4B-00C04F79EFBC}") = "FlySwattr.NATS", "FlySwattr.NATS\FlySwattr.NATS.csproj", "{0EE6CEC3-C589-42F8-AAFD-48531CD86887}"
EndProject
Project("{2150E333-8FDC-42A3-9474-1A3956D46DE8}") = "Tests", "Tests", "{1228F826-4545-488B-8A35-398101E9E1BF}"
EndProject
Project("{FAE04EC0-301F-11D3-BF4B-00C04F79EFBC}") = "UnitTests", "Tests\UnitTests\UnitTests.csproj", "{323832D8-EF6A-4C1D-B74A-5EB0BAF66F40}"
EndProject
Project("{FAE04EC0-301F-11D3-BF4B-00C04F79EFBC}") = "IntegrationTests", "Tests\IntegrationTests\IntegrationTests.csproj", "{F5791B3F-742D-4329-AA87-DE1FDF36AC66}"
EndProject
Project("{2150E333-8FDC-42A3-9474-1A3956D46DE8}") = "Samples", "Samples", "{A73E4998-1776-4AD2-877B-120B7C928ABC}"
EndProject
Project("{FAE04EC0-301F-11D3-BF4B-00C04F79EFBC}") = "ConsoleApp1", "Samples\ConsoleApp1\ConsoleApp1.csproj", "{1C00C1BC-EBB9-4DD7-A99E-ED1B16F91420}"
EndProject
Project("{FAE04EC0-301F-11D3-BF4B-00C04F79EFBC}") = "ConsoleApp2", "Samples\ConsoleApp2\ConsoleApp2.csproj", "{87EA7648-5AFF-4370-AE3F-36D91F304648}"
EndProject
Project("{FAE04EC0-301F-11D3-BF4B-00C04F79EFBC}") = "ConsoleApp3", "Samples\ConsoleApp3\ConsoleApp3.csproj", "{35F540AF-5AF2-4536-9675-7E94B72D514E}"
EndProject
Global
	GlobalSection(SolutionConfigurationPlatforms) = preSolution
		Debug|Any CPU = Debug|Any CPU
		Debug|x64 = Debug|x64
		Debug|x86 = Debug|x86
		Release|Any CPU = Release|Any CPU
		Release|x64 = Release|x64
		Release|x86 = Release|x86
	EndGlobalSection
	GlobalSection(ProjectConfigurationPlatforms) = postSolution
		{C0791624-39D1-4DCE-9E8A-55EFC4802670}.Debug|Any CPU.ActiveCfg = Debug|Any CPU
		{C0791624-39D1-4DCE-9E8A-55EFC4802670}.Debug|Any CPU.Build.0 = Debug|Any CPU
		{C0791624-39D1-4DCE-9E8A-55EFC4802670}.Debug|x64.ActiveCfg = Debug|Any CPU
		{C0791624-39D1-4DCE-9E8A-55EFC4802670}.Debug|x64.Build.0 = Debug|Any CPU
		{C0791624-39D1-4DCE-9E8A-55EFC4802670}.Debug|x86.ActiveCfg = Debug|Any CPU
		{C0791624-39D1-4DCE-9E8A-55EFC4802670}.Debug|x86.Build.0 = Debug|Any CPU
		{C0791624-39D1-4DCE-9E8A-55EFC4802670}.Release|Any CPU.ActiveCfg = Release|Any CPU
		{C0791624-39D1-4DCE-9E8A-55EFC4802670}.Release|Any CPU.Build.0 = Release|Any CPU
		{C0791624-39D1-4DCE-9E8A-55EFC4802670}.Release|x64.ActiveCfg = Release|Any CPU
		{C0791624-39D1-4DCE-9E8A-55EFC4802670}.Release|x64.Build.0 = Release|Any CPU
		{C0791624-39D1-4DCE-9E8A-55EFC4802670}.Release|x86.ActiveCfg = Release|Any CPU
		{C0791624-39D1-4DCE-9E8A-55EFC4802670}.Release|x86.Build.0 = Release|Any CPU
		{293A72CF-5B5D-4D90-AF75-3B93F5299D34}.Debug|Any CPU.ActiveCfg = Debug|Any CPU
		{293A72CF-5B5D-4D90-AF75-3B93F5299D34}.Debug|Any CPU.Build.0 = Debug|Any CPU
		{293A72CF-5B5D-4D90-AF75-3B93F5299D34}.Debug|x64.ActiveCfg = Debug|Any CPU
		{293A72CF-5B5D-4D90-AF75-3B93F5299D34}.Debug|x64.Build.0 = Debug|Any CPU
		{293A72CF-5B5D-4D90-AF75-3B93F5299D34}.Debug|x86.ActiveCfg = Debug|Any CPU
		{293A72CF-5B5D-4D90-AF75-3B93F5299D34}.Debug|x86.Build.0 = Debug|Any CPU
		{293A72CF-5B5D-4D90-AF75-3B93F5299D34}.Release|Any CPU.ActiveCfg = Release|Any CPU
		{293A72CF-5B5D-4D90-AF75-3B93F5299D34}.Release|Any CPU.Build.0 = Release|Any CPU
		{293A72CF-5B5D-4D90-AF75-3B93F5299D34}.Release|x64.ActiveCfg = Release|Any CPU
		{293A72CF-5B5D-4D90-AF75-3B93F5299D34}.Release|x64.Build.0 = Release|Any CPU
		{293A72CF-5B5D-4D90-AF75-3B93F5299D34}.Release|x86.ActiveCfg = Release|Any CPU
		{293A72CF-5B5D-4D90-AF75-3B93F5299D34}.Release|x86.Build.0 = Release|Any CPU
		{E96906EF-E376-47D7-B7A4-75F8F1B3E7BB}.Debug|Any CPU.ActiveCfg = Debug|Any CPU
		{E96906EF-E376-47D7-B7A4-75F8F1B3E7BB}.Debug|Any CPU.Build.0 = Debug|Any CPU
		{E96906EF-E376-47D7-B7A4-75F8F1B3E7BB}.Debug|x64.ActiveCfg = Debug|Any CPU
		{E96906EF-E376-47D7-B7A4-75F8F1B3E7BB}.Debug|x64.Build.0 = Debug|Any CPU
		{E96906EF-E376-47D7-B7A4-75F8F1B3E7BB}.Debug|x86.ActiveCfg = Debug|Any CPU
		{E96906EF-E376-47D7-B7A4-75F8F1B3E7BB}.Debug|x86.Build.0 = Debug|Any CPU
		{E96906EF-E376-47D7-B7A4-75F8F1B3E7BB}.Release|Any CPU.ActiveCfg = Release|Any CPU
		{E96906EF-E376-47D7-B7A4-75F8F1B3E7BB}.Release|Any CPU.Build.0 = Release|Any CPU
		{E96906EF-E376-47D7-B7A4-75F8F1B3E7BB}.Release|x64.ActiveCfg = Release|Any CPU
		{E96906EF-E376-47D7-B7A4-75F8F1B3E7BB}.Release|x64.Build.0 = Release|Any CPU
		{E96906EF-E376-47D7-B7A4-75F8F1B3E7BB}.Release|x86.ActiveCfg = Release|Any CPU
		{E96906EF-E376-47D7-B7A4-75F8F1B3E7BB}.Release|x86.Build.0 = Release|Any CPU
		{EB6D0586-9712-4B30-97E3-D8D003465371}.Debug|Any CPU.ActiveCfg = Debug|Any CPU
		{EB6D0586-9712-4B30-97E3-D8D003465371}.Debug|Any CPU.Build.0 = Debug|Any CPU
		{EB6D0586-9712-4B30-97E3-D8D003465371}.Debug|x64.ActiveCfg = Debug|Any CPU
		{EB6D0586-9712-4B30-97E3-D8D003465371}.Debug|x64.Build.0 = Debug|Any CPU
		{EB6D0586-9712-4B30-97E3-D8D003465371}.Debug|x86.ActiveCfg = Debug|Any CPU
		{EB6D0586-9712-4B30-97E3-D8D003465371}.Debug|x86.Build.0 = Debug|Any CPU
		{EB6D0586-9712-4B30-97E3-D8D003465371}.Release|Any CPU.ActiveCfg = Release|Any CPU
		{EB6D0586-9712-4B30-97E3-D8D003465371}.Release|Any CPU.Build.0 = Release|Any CPU
		{EB6D0586-9712-4B30-97E3-D8D003465371}.Release|x64.ActiveCfg = Release|Any CPU
		{EB6D0586-9712-4B30-97E3-D8D003465371}.Release|x64.Build.0 = Release|Any CPU
		{EB6D0586-9712-4B30-97E3-D8D003465371}.Release|x86.ActiveCfg = Release|Any CPU
		{EB6D0586-9712-4B30-97E3-D8D003465371}.Release|x86.Build.0 = Release|Any CPU
		{82FE9636-9004-4318-92C2-A85813194A40}.Debug|Any CPU.ActiveCfg = Debug|Any CPU
		{82FE9636-9004-4318-92C2-A85813194A40}.Debug|Any CPU.Build.0 = Debug|Any CPU
		{82FE9636-9004-4318-92C2-A85813194A40}.Debug|x64.ActiveCfg = Debug|Any CPU
		{82FE9636-9004-4318-92C2-A85813194A40}.Debug|x64.Build.0 = Debug|Any CPU
		{82FE9636-9004-4318-92C2-A85813194A40}.Debug|x86.ActiveCfg = Debug|Any CPU
		{82FE9636-9004-4318-92C2-A85813194A40}.Debug|x86.Build.0 = Debug|Any CPU
		{82FE9636-9004-4318-92C2-A85813194A40}.Release|Any CPU.ActiveCfg = Release|Any CPU
		{82FE9636-9004-4318-92C2-A85813194A40}.Release|Any CPU.Build.0 = Release|Any CPU
		{82FE9636-9004-4318-92C2-A85813194A40}.Release|x64.ActiveCfg = Release|Any CPU
		{82FE9636-9004-4318-92C2-A85813194A40}.Release|x64.Build.0 = Release|Any CPU
		{82FE9636-9004-4318-92C2-A85813194A40}.Release|x86.ActiveCfg = Release|Any CPU
		{82FE9636-9004-4318-92C2-A85813194A40}.Release|x86.Build.0 = Release|Any CPU
		{67A6743D-981E-495D-8941-A18DCC5BED50}.Debug|Any CPU.ActiveCfg = Debug|Any CPU
		{67A6743D-981E-495D-8941-A18DCC5BED50}.Debug|Any CPU.Build.0 = Debug|Any CPU
		{67A6743D-981E-495D-8941-A18DCC5BED50}.Debug|x64.ActiveCfg = Debug|Any CPU
		{67A6743D-981E-495D-8941-A18DCC5BED50}.Debug|x64.Build.0 = Debug|Any CPU
		{67A6743D-981E-495D-8941-A18DCC5BED50}.Debug|x86.ActiveCfg = Debug|Any CPU
		{67A6743D-981E-495D-8941-A18DCC5BED50}.Debug|x86.Build.0 = Debug|Any CPU
		{67A6743D-981E-495D-8941-A18DCC5BED50}.Release|Any CPU.ActiveCfg = Release|Any CPU
		{67A6743D-981E-495D-8941-A18DCC5BED50}.Release|Any CPU.Build.0 = Release|Any CPU
		{67A6743D-981E-495D-8941-A18DCC5BED50}.Release|x64.ActiveCfg = Release|Any CPU
		{67A6743D-981E-495D-8941-A18DCC5BED50}.Release|x64.Build.0 = Release|Any CPU
		{67A6743D-981E-495D-8941-A18DCC5BED50}.Release|x86.ActiveCfg = Release|Any CPU
		{67A6743D-981E-495D-8941-A18DCC5BED50}.Release|x86.Build.0 = Release|Any CPU
		{3E94518C-8E12-452A-8300-4DD140EA9C2E}.Debug|Any CPU.ActiveCfg = Debug|Any CPU
		{3E94518C-8E12-452A-8300-4DD140EA9C2E}.Debug|Any CPU.Build.0 = Debug|Any CPU
		{3E94518C-8E12-452A-8300-4DD140EA9C2E}.Debug|x64.ActiveCfg = Debug|Any CPU
		{3E94518C-8E12-452A-8300-4DD140EA9C2E}.Debug|x64.Build.0 = Debug|Any CPU
		{3E94518C-8E12-452A-8300-4DD140EA9C2E}.Debug|x86.ActiveCfg = Debug|Any CPU
		{3E94518C-8E12-452A-8300-4DD140EA9C2E}.Debug|x86.Build.0 = Debug|Any CPU
		{3E94518C-8E12-452A-8300-4DD140EA9C2E}.Release|Any CPU.ActiveCfg = Release|Any CPU
		{3E94518C-8E12-452A-8300-4DD140EA9C2E}.Release|Any CPU.Build.0 = Release|Any CPU
		{3E94518C-8E12-452A-8300-4DD140EA9C2E}.Release|x64.ActiveCfg = Release|Any CPU
		{3E94518C-8E12-452A-8300-4DD140EA9C2E}.Release|x64.Build.0 = Release|Any CPU
		{3E94518C-8E12-452A-8300-4DD140EA9C2E}.Release|x86.ActiveCfg = Release|Any CPU
		{3E94518C-8E12-452A-8300-4DD140EA9C2E}.Release|x86.Build.0 = Release|Any CPU
		{0EE6CEC3-C589-42F8-AAFD-48531CD86887}.Debug|Any CPU.ActiveCfg = Debug|Any CPU
		{0EE6CEC3-C589-42F8-AAFD-48531CD86887}.Debug|Any CPU.Build.0 = Debug|Any CPU
		{0EE6CEC3-C589-42F8-AAFD-48531CD86887}.Debug|x64.ActiveCfg = Debug|Any CPU
		{0EE6CEC3-C589-42F8-AAFD-48531CD86887}.Debug|x64.Build.0 = Debug|Any CPU
		{0EE6CEC3-C589-42F8-AAFD-48531CD86887}.Debug|x86.ActiveCfg = Debug|Any CPU
		{0EE6CEC3-C589-42F8-AAFD-48531CD86887}.Debug|x86.Build.0 = Debug|Any CPU
		{0EE6CEC3-C589-42F8-AAFD-48531CD86887}.Release|Any CPU.ActiveCfg = Release|Any CPU
		{0EE6CEC3-C589-42F8-AAFD-48531CD86887}.Release|Any CPU.Build.0 = Release|Any CPU
		{0EE6CEC3-C589-42F8-AAFD-48531CD86887}.Release|x64.ActiveCfg = Release|Any CPU
		{0EE6CEC3-C589-42F8-AAFD-48531CD86887}.Release|x64.Build.0 = Release|Any CPU
		{0EE6CEC3-C589-42F8-AAFD-48531CD86887}.Release|x86.ActiveCfg = Release|Any CPU
		{0EE6CEC3-C589-42F8-AAFD-48531CD86887}.Release|x86.Build.0 = Release|Any CPU
		{323832D8-EF6A-4C1D-B74A-5EB0BAF66F40}.Debug|Any CPU.ActiveCfg = Debug|Any CPU
		{323832D8-EF6A-4C1D-B74A-5EB0BAF66F40}.Debug|Any CPU.Build.0 = Debug|Any CPU
		{323832D8-EF6A-4C1D-B74A-5EB0BAF66F40}.Debug|x64.ActiveCfg = Debug|Any CPU
		{323832D8-EF6A-4C1D-B74A-5EB0BAF66F40}.Debug|x64.Build.0 = Debug|Any CPU
		{323832D8-EF6A-4C1D-B74A-5EB0BAF66F40}.Debug|x86.ActiveCfg = Debug|Any CPU
		{323832D8-EF6A-4C1D-B74A-5EB0BAF66F40}.Debug|x86.Build.0 = Debug|Any CPU
		{323832D8-EF6A-4C1D-B74A-5EB0BAF66F40}.Release|Any CPU.ActiveCfg = Release|Any CPU
		{323832D8-EF6A-4C1D-B74A-5EB0BAF66F40}.Release|Any CPU.Build.0 = Release|Any CPU
		{323832D8-EF6A-4C1D-B74A-5EB0BAF66F40}.Release|x64.ActiveCfg = Release|Any CPU
		{323832D8-EF6A-4C1D-B74A-5EB0BAF66F40}.Release|x64.Build.0 = Release|Any CPU
		{323832D8-EF6A-4C1D-B74A-5EB0BAF66F40}.Release|x86.ActiveCfg = Release|Any CPU
		{323832D8-EF6A-4C1D-B74A-5EB0BAF66F40}.Release|x86.Build.0 = Release|Any CPU
		{F5791B3F-742D-4329-AA87-DE1FDF36AC66}.Debug|Any CPU.ActiveCfg = Debug|Any CPU
		{F5791B3F-742D-4329-AA87-DE1FDF36AC66}.Debug|Any CPU.Build.0 = Debug|Any CPU
		{F5791B3F-742D-4329-AA87-DE1FDF36AC66}.Debug|x64.ActiveCfg = Debug|Any CPU
		{F5791B3F-742D-4329-AA87-DE1FDF36AC66}.Debug|x64.Build.0 = Debug|Any CPU
		{F5791B3F-742D-4329-AA87-DE1FDF36AC66}.Debug|x86.ActiveCfg = Debug|Any CPU
		{F5791B3F-742D-4329-AA87-DE1FDF36AC66}.Debug|x86.Build.0 = Debug|Any CPU
		{F5791B3F-742D-4329-AA87-DE1FDF36AC66}.Release|Any CPU.ActiveCfg = Release|Any CPU
		{F5791B3F-742D-4329-AA87-DE1FDF36AC66}.Release|Any CPU.Build.0 = Release|Any CPU
		{F5791B3F-742D-4329-AA87-DE1FDF36AC66}.Release|x64.ActiveCfg = Release|Any CPU
		{F5791B3F-742D-4329-AA87-DE1FDF36AC66}.Release|x64.Build.0 = Release|Any CPU
		{F5791B3F-742D-4329-AA87-DE1FDF36AC66}.Release|x86.ActiveCfg = Release|Any CPU
		{F5791B3F-742D-4329-AA87-DE1FDF36AC66}.Release|x86.Build.0 = Release|Any CPU
		{1C00C1BC-EBB9-4DD7-A99E-ED1B16F91420}.Debug|Any CPU.ActiveCfg = Debug|Any CPU
		{1C00C1BC-EBB9-4DD7-A99E-ED1B16F91420}.Debug|Any CPU.Build.0 = Debug|Any CPU
		{1C00C1BC-EBB9-4DD7-A99E-ED1B16F91420}.Debug|x64.ActiveCfg = Debug|Any CPU
		{1C00C1BC-EBB9-4DD7-A99E-ED1B16F91420}.Debug|x64.Build.0 = Debug|Any CPU
		{1C00C1BC-EBB9-4DD7-A99E-ED1B16F91420}.Debug|x86.ActiveCfg = Debug|Any CPU
		{1C00C1BC-EBB9-4DD7-A99E-ED1B16F91420}.Debug|x86.Build.0 = Debug|Any CPU
		{1C00C1BC-EBB9-4DD7-A99E-ED1B16F91420}.Release|Any CPU.ActiveCfg = Release|Any CPU
		{1C00C1BC-EBB9-4DD7-A99E-ED1B16F91420}.Release|Any CPU.Build.0 = Release|Any CPU
		{1C00C1BC-EBB9-4DD7-A99E-ED1B16F91420}.Release|x64.ActiveCfg = Release|Any CPU
		{1C00C1BC-EBB9-4DD7-A99E-ED1B16F91420}.Release|x64.Build.0 = Release|Any CPU
		{1C00C1BC-EBB9-4DD7-A99E-ED1B16F91420}.Release|x86.ActiveCfg = Release|Any CPU
		{1C00C1BC-EBB9-4DD7-A99E-ED1B16F91420}.Release|x86.Build.0 = Release|Any CPU
		{87EA7648-5AFF-4370-AE3F-36D91F304648}.Debug|Any CPU.ActiveCfg = Debug|Any CPU
		{87EA7648-5AFF-4370-AE3F-36D91F304648}.Debug|Any CPU.Build.0 = Debug|Any CPU
		{87EA7648-5AFF-4370-AE3F-36D91F304648}.Debug|x64.ActiveCfg = Debug|Any CPU
		{87EA7648-5AFF-4370-AE3F-36D91F304648}.Debug|x64.Build.0 = Debug|Any CPU
		{87EA7648-5AFF-4370-AE3F-36D91F304648}.Debug|x86.ActiveCfg = Debug|Any CPU
		{87EA7648-5AFF-4370-AE3F-36D91F304648}.Debug|x86.Build.0 = Debug|Any CPU
		{87EA7648-5AFF-4370-AE3F-36D91F304648}.Release|Any CPU.ActiveCfg = Release|Any CPU
		{87EA7648-5AFF-4370-AE3F-36D91F304648}.Release|Any CPU.Build.0 = Release|Any CPU
		{87EA7648-5AFF-4370-AE3F-36D91F304648}.Release|x64.ActiveCfg = Release|Any CPU
		{87EA7648-5AFF-4370-AE3F-36D91F304648}.Release|x64.Build.0 = Release|Any CPU
		{87EA7648-5AFF-4370-AE3F-36D91F304648}.Release|x86.ActiveCfg = Release|Any CPU
		{87EA7648-5AFF-4370-AE3F-36D91F304648}.Release|x86.Build.0 = Release|Any CPU
		{35F540AF-5AF2-4536-9675-7E94B72D514E}.Debug|Any CPU.ActiveCfg = Debug|Any CPU
		{35F540AF-5AF2-4536-9675-7E94B72D514E}.Debug|Any CPU.Build.0 = Debug|Any CPU
		{35F540AF-5AF2-4536-9675-7E94B72D514E}.Debug|x64.ActiveCfg = Debug|Any CPU
		{35F540AF-5AF2-4536-9675-7E94B72D514E}.Debug|x64.Build.0 = Debug|Any CPU
		{35F540AF-5AF2-4536-9675-7E94B72D514E}.Debug|x86.ActiveCfg = Debug|Any CPU
		{35F540AF-5AF2-4536-9675-7E94B72D514E}.Debug|x86.Build.0 = Debug|Any CPU
		{35F540AF-5AF2-4536-9675-7E94B72D514E}.Release|Any CPU.ActiveCfg = Release|Any CPU
		{35F540AF-5AF2-4536-9675-7E94B72D514E}.Release|Any CPU.Build.0 = Release|Any CPU
		{35F540AF-5AF2-4536-9675-7E94B72D514E}.Release|x64.ActiveCfg = Release|Any CPU
		{35F540AF-5AF2-4536-9675-7E94B72D514E}.Release|x64.Build.0 = Release|Any CPU
		{35F540AF-5AF2-4536-9675-7E94B72D514E}.Release|x86.ActiveCfg = Release|Any CPU
		{35F540AF-5AF2-4536-9675-7E94B72D514E}.Release|x86.Build.0 = Release|Any CPU
	EndGlobalSection
	GlobalSection(SolutionProperties) = preSolution
		HideSolutionNode = FALSE
	EndGlobalSection
	GlobalSection(NestedProjects) = preSolution
		{323832D8-EF6A-4C1D-B74A-5EB0BAF66F40} = {1228F826-4545-488B-8A35-398101E9E1BF}
		{F5791B3F-742D-4329-AA87-DE1FDF36AC66} = {1228F826-4545-488B-8A35-398101E9E1BF}
		{1C00C1BC-EBB9-4DD7-A99E-ED1B16F91420} = {A73E4998-1776-4AD2-877B-120B7C928ABC}
		{87EA7648-5AFF-4370-AE3F-36D91F304648} = {A73E4998-1776-4AD2-877B-120B7C928ABC}
		{35F540AF-5AF2-4536-9675-7E94B72D514E} = {A73E4998-1776-4AD2-877B-120B7C928ABC}
	EndGlobalSection
EndGlobal
